// !$*UTF8*$!
{
	archiveVersion = 1;
	classes = {
	};
	objectVersion = 48;
	objects = {

/* Begin PBXBuildFile section */
		687F1605201BEE0E0060F87B /* ProductCell.swift in Sources */ = {isa = PBXBuildFile; fileRef = 687F1604201BEE0E0060F87B /* ProductCell.swift */; };
		687F1607201BF0220060F87B /* Product.swift in Sources */ = {isa = PBXBuildFile; fileRef = 687F1606201BF0220060F87B /* Product.swift */; };
		687F1609201CAF0F0060F87B /* ProductsVC.swift in Sources */ = {isa = PBXBuildFile; fileRef = 687F1608201CAF0F0060F87B /* ProductsVC.swift */; };
		84BC364F200FA69D00C669A6 /* AppDelegate.swift in Sources */ = {isa = PBXBuildFile; fileRef = 84BC364E200FA69D00C669A6 /* AppDelegate.swift */; };
		84BC3651200FA69D00C669A6 /* CategoriesVC.swift in Sources */ = {isa = PBXBuildFile; fileRef = 84BC3650200FA69D00C669A6 /* CategoriesVC.swift */; };
		84BC3654200FA69D00C669A6 /* Main.storyboard in Resources */ = {isa = PBXBuildFile; fileRef = 84BC3652200FA69D00C669A6 /* Main.storyboard */; };
		84BC3656200FA69D00C669A6 /* Assets.xcassets in Resources */ = {isa = PBXBuildFile; fileRef = 84BC3655200FA69D00C669A6 /* Assets.xcassets */; };
		84BC3659200FA69D00C669A6 /* LaunchScreen.storyboard in Resources */ = {isa = PBXBuildFile; fileRef = 84BC3657200FA69D00C669A6 /* LaunchScreen.storyboard */; };
		84BC3664200FB88800C669A6 /* CategoryCell.swift in Sources */ = {isa = PBXBuildFile; fileRef = 84BC3663200FB88800C669A6 /* CategoryCell.swift */; };
		84BC3666200FC01200C669A6 /* Category.swift in Sources */ = {isa = PBXBuildFile; fileRef = 84BC3665200FC01200C669A6 /* Category.swift */; };
		84BC3669200FC4C400C669A6 /* DataService.swift in Sources */ = {isa = PBXBuildFile; fileRef = 84BC3668200FC4C400C669A6 /* DataService.swift */; };
/* End PBXBuildFile section */

/* Begin PBXFileReference section */
		687F1604201BEE0E0060F87B /* ProductCell.swift */ = {isa = PBXFileReference; lastKnownFileType = sourcecode.swift; path = ProductCell.swift; sourceTree = "<group>"; };
		687F1606201BF0220060F87B /* Product.swift */ = {isa = PBXFileReference; lastKnownFileType = sourcecode.swift; path = Product.swift; sourceTree = "<group>"; };
		687F1608201CAF0F0060F87B /* ProductsVC.swift */ = {isa = PBXFileReference; lastKnownFileType = sourcecode.swift; path = ProductsVC.swift; sourceTree = "<group>"; };
		84BC364B200FA69D00C669A6 /* coder-swag-2.app */ = {isa = PBXFileReference; explicitFileType = wrapper.application; includeInIndex = 0; path = "coder-swag-2.app"; sourceTree = BUILT_PRODUCTS_DIR; };
		84BC364E200FA69D00C669A6 /* AppDelegate.swift */ = {isa = PBXFileReference; lastKnownFileType = sourcecode.swift; path = AppDelegate.swift; sourceTree = "<group>"; };
		84BC3650200FA69D00C669A6 /* CategoriesVC.swift */ = {isa = PBXFileReference; lastKnownFileType = sourcecode.swift; path = CategoriesVC.swift; sourceTree = "<group>"; };
		84BC3653200FA69D00C669A6 /* Base */ = {isa = PBXFileReference; lastKnownFileType = file.storyboard; name = Base; path = Base.lproj/Main.storyboard; sourceTree = "<group>"; };
		84BC3655200FA69D00C669A6 /* Assets.xcassets */ = {isa = PBXFileReference; lastKnownFileType = folder.assetcatalog; path = Assets.xcassets; sourceTree = "<group>"; };
		84BC3658200FA69D00C669A6 /* Base */ = {isa = PBXFileReference; lastKnownFileType = file.storyboard; name = Base; path = Base.lproj/LaunchScreen.storyboard; sourceTree = "<group>"; };
		84BC365A200FA69D00C669A6 /* Info.plist */ = {isa = PBXFileReference; lastKnownFileType = text.plist.xml; path = Info.plist; sourceTree = "<group>"; };
		84BC3663200FB88800C669A6 /* CategoryCell.swift */ = {isa = PBXFileReference; lastKnownFileType = sourcecode.swift; path = CategoryCell.swift; sourceTree = "<group>"; };
		84BC3665200FC01200C669A6 /* Category.swift */ = {isa = PBXFileReference; lastKnownFileType = sourcecode.swift; path = Category.swift; sourceTree = "<group>"; };
		84BC3668200FC4C400C669A6 /* DataService.swift */ = {isa = PBXFileReference; lastKnownFileType = sourcecode.swift; path = DataService.swift; sourceTree = "<group>"; };
/* End PBXFileReference section */

/* Begin PBXFrameworksBuildPhase section */
		84BC3648200FA69D00C669A6 /* Frameworks */ = {
			isa = PBXFrameworksBuildPhase;
			buildActionMask = 2147483647;
			files = (
			);
			runOnlyForDeploymentPostprocessing = 0;
		};
/* End PBXFrameworksBuildPhase section */

/* Begin PBXGroup section */
		84BC3642200FA69D00C669A6 = {
			isa = PBXGroup;
			children = (
				84BC364D200FA69D00C669A6 /* coder-swag-2 */,
				84BC364C200FA69D00C669A6 /* Products */,
			);
			sourceTree = "<group>";
		};
		84BC364C200FA69D00C669A6 /* Products */ = {
			isa = PBXGroup;
			children = (
				84BC364B200FA69D00C669A6 /* coder-swag-2.app */,
			);
			name = Products;
			sourceTree = "<group>";
		};
		84BC364D200FA69D00C669A6 /* coder-swag-2 */ = {
			isa = PBXGroup;
			children = (
				84BC3667200FC49A00C669A6 /* Services */,
				84BC3662200FB37900C669A6 /* View */,
				84BC3661200FB32800C669A6 /* Model */,
				84BC3660200FB31000C669A6 /* Controller */,
				84BC364E200FA69D00C669A6 /* AppDelegate.swift */,
				84BC3652200FA69D00C669A6 /* Main.storyboard */,
				84BC3655200FA69D00C669A6 /* Assets.xcassets */,
				84BC3657200FA69D00C669A6 /* LaunchScreen.storyboard */,
				84BC365A200FA69D00C669A6 /* Info.plist */,
			);
			path = "coder-swag-2";
			sourceTree = "<group>";
		};
		84BC3660200FB31000C669A6 /* Controller */ = {
			isa = PBXGroup;
			children = (
				84BC3650200FA69D00C669A6 /* CategoriesVC.swift */,
				687F1608201CAF0F0060F87B /* ProductsVC.swift */,
			);
			path = Controller;
			sourceTree = "<group>";
		};
		84BC3661200FB32800C669A6 /* Model */ = {
			isa = PBXGroup;
			children = (
				84BC3665200FC01200C669A6 /* Category.swift */,
				687F1606201BF0220060F87B /* Product.swift */,
			);
			path = Model;
			sourceTree = "<group>";
		};
		84BC3662200FB37900C669A6 /* View */ = {
			isa = PBXGroup;
			children = (
				687F1604201BEE0E0060F87B /* ProductCell.swift */,
				84BC3663200FB88800C669A6 /* CategoryCell.swift */,
			);
			path = View;
			sourceTree = "<group>";
		};
		84BC3667200FC49A00C669A6 /* Services */ = {
			isa = PBXGroup;
			children = (
				84BC3668200FC4C400C669A6 /* DataService.swift */,
			);
			path = Services;
			sourceTree = "<group>";
		};
/* End PBXGroup section */

/* Begin PBXNativeTarget section */
		84BC364A200FA69D00C669A6 /* coder-swag-2 */ = {
			isa = PBXNativeTarget;
			buildConfigurationList = 84BC365D200FA69D00C669A6 /* Build configuration list for PBXNativeTarget "coder-swag-2" */;
			buildPhases = (
				84BC3647200FA69D00C669A6 /* Sources */,
				84BC3648200FA69D00C669A6 /* Frameworks */,
				84BC3649200FA69D00C669A6 /* Resources */,
			);
			buildRules = (
			);
			dependencies = (
			);
			name = "coder-swag-2";
			productName = "coder-swag-2";
			productReference = 84BC364B200FA69D00C669A6 /* coder-swag-2.app */;
			productType = "com.apple.product-type.application";
		};
/* End PBXNativeTarget section */

/* Begin PBXProject section */
		84BC3643200FA69D00C669A6 /* Project object */ = {
			isa = PBXProject;
			attributes = {
				LastSwiftUpdateCheck = 0920;
				LastUpgradeCheck = 0920;
				ORGANIZATIONNAME = piggest;
				TargetAttributes = {
					84BC364A200FA69D00C669A6 = {
						CreatedOnToolsVersion = 9.2;
						ProvisioningStyle = Automatic;
					};
				};
			};
			buildConfigurationList = 84BC3646200FA69D00C669A6 /* Build configuration list for PBXProject "coder-swag-2" */;
			compatibilityVersion = "Xcode 8.0";
			developmentRegion = en;
			hasScannedForEncodings = 0;
			knownRegions = (
				en,
				Base,
			);
			mainGroup = 84BC3642200FA69D00C669A6;
			productRefGroup = 84BC364C200FA69D00C669A6 /* Products */;
			projectDirPath = "";
			projectRoot = "";
			targets = (
				84BC364A200FA69D00C669A6 /* coder-swag-2 */,
			);
		};
/* End PBXProject section */

/* Begin PBXResourcesBuildPhase section */
		84BC3649200FA69D00C669A6 /* Resources */ = {
			isa = PBXResourcesBuildPhase;
			buildActionMask = 2147483647;
			files = (
				84BC3659200FA69D00C669A6 /* LaunchScreen.storyboard in Resources */,
				84BC3656200FA69D00C669A6 /* Assets.xcassets in Resources */,
				84BC3654200FA69D00C669A6 /* Main.storyboard in Resources */,
			);
			runOnlyForDeploymentPostprocessing = 0;
		};
/* End PBXResourcesBuildPhase section */

/* Begin PBXSourcesBuildPhase section */
		84BC3647200FA69D00C669A6 /* Sources */ = {
			isa = PBXSourcesBuildPhase;
			buildActionMask = 2147483647;
			files = (
				687F1609201CAF0F0060F87B /* ProductsVC.swift in Sources */,
				84BC3651200FA69D00C669A6 /* CategoriesVC.swift in Sources */,
				84BC364F200FA69D00C669A6 /* AppDelegate.swift in Sources */,
				84BC3664200FB88800C669A6 /* CategoryCell.swift in Sources */,
				687F1605201BEE0E0060F87B /* ProductCell.swift in Sources */,
				84BC3666200FC01200C669A6 /* Category.swift in Sources */,
				84BC3669200FC4C400C669A6 /* DataService.swift in Sources */,
				687F1607201BF0220060F87B /* Product.swift in Sources */,
			);
			runOnlyForDeploymentPostprocessing = 0;
		};
/* End PBXSourcesBuildPhase section */

/* Begin PBXVariantGroup section */
		84BC3652200FA69D00C669A6 /* Main.storyboard */ = {
			isa = PBXVariantGroup;
			children = (
				84BC3653200FA69D00C669A6 /* Base */,
			);
			name = Main.storyboard;
			sourceTree = "<group>";
		};
		84BC3657200FA69D00C669A6 /* LaunchScreen.storyboard */ = {
			isa = PBXVariantGroup;
			children = (
				84BC3658200FA69D00C669A6 /* Base */,
			);
			name = LaunchScreen.storyboard;
			sourceTree = "<group>";
		};
/* End PBXVariantGroup section */

/* Begin XCBuildConfiguration section */
		84BC365B200FA69D00C669A6 /* Debug */ = {
			isa = XCBuildConfiguration;
			buildSettings = {
				ALWAYS_SEARCH_USER_PATHS = NO;
				CLANG_ANALYZER_NONNULL = YES;
				CLANG_ANALYZER_NUMBER_OBJECT_CONVERSION = YES_AGGRESSIVE;
				CLANG_CXX_LANGUAGE_STANDARD = "gnu++14";
				CLANG_CXX_LIBRARY = "libc++";
				CLANG_ENABLE_MODULES = YES;
				CLANG_ENABLE_OBJC_ARC = YES;
				CLANG_WARN_BLOCK_CAPTURE_AUTORELEASING = YES;
				CLANG_WARN_BOOL_CONVERSION = YES;
				CLANG_WARN_COMMA = YES;
				CLANG_WARN_CONSTANT_CONVERSION = YES;
				CLANG_WARN_DIRECT_OBJC_ISA_USAGE = YES_ERROR;
				CLANG_WARN_DOCUMENTATION_COMMENTS = YES;
				CLANG_WARN_EMPTY_BODY = YES;
				CLANG_WARN_ENUM_CONVERSION = YES;
				CLANG_WARN_INFINITE_RECURSION = YES;
				CLANG_WARN_INT_CONVERSION = YES;
				CLANG_WARN_NON_LITERAL_NULL_CONVERSION = YES;
				CLANG_WARN_OBJC_LITERAL_CONVERSION = YES;
				CLANG_WARN_OBJC_ROOT_CLASS = YES_ERROR;
				CLANG_WARN_RANGE_LOOP_ANALYSIS = YES;
				CLANG_WARN_STRICT_PROTOTYPES = YES;
				CLANG_WARN_SUSPICIOUS_MOVE = YES;
				CLANG_WARN_UNGUARDED_AVAILABILITY = YES_AGGRESSIVE;
				CLANG_WARN_UNREACHABLE_CODE = YES;
				CLANG_WARN__DUPLICATE_METHOD_MATCH = YES;
				CODE_SIGN_IDENTITY = "iPhone Developer";
				COPY_PHASE_STRIP = NO;
				DEBUG_INFORMATION_FORMAT = dwarf;
				ENABLE_STRICT_OBJC_MSGSEND = YES;
				ENABLE_TESTABILITY = YES;
				GCC_C_LANGUAGE_STANDARD = gnu11;
				GCC_DYNAMIC_NO_PIC = NO;
				GCC_NO_COMMON_BLOCKS = YES;
				GCC_OPTIMIZATION_LEVEL = 0;
				GCC_PREPROCESSOR_DEFINITIONS = (
					"DEBUG=1",
					"$(inherited)",
				);
				GCC_WARN_64_TO_32_BIT_CONVERSION = YES;
				GCC_WARN_ABOUT_RETURN_TYPE = YES_ERROR;
				GCC_WARN_UNDECLARED_SELECTOR = YES;
				GCC_WARN_UNINITIALIZED_AUTOS = YES_AGGRESSIVE;
				GCC_WARN_UNUSED_FUNCTION = YES;
				GCC_WARN_UNUSED_VARIABLE = YES;
				IPHONEOS_DEPLOYMENT_TARGET = 11.2;
				MTL_ENABLE_DEBUG_INFO = YES;
				ONLY_ACTIVE_ARCH = YES;
				SDKROOT = iphoneos;
				SWIFT_ACTIVE_COMPILATION_CONDITIONS = DEBUG;
				SWIFT_OPTIMIZATION_LEVEL = "-Onone";
			};
			name = Debug;
		};
		84BC365C200FA69D00C669A6 /* Release */ = {
			isa = XCBuildConfiguration;
			buildSettings = {
				ALWAYS_SEARCH_USER_PATHS = NO;
				CLANG_ANALYZER_NONNULL = YES;
				CLANG_ANALYZER_NUMBER_OBJECT_CONVERSION = YES_AGGRESSIVE;
				CLANG_CXX_LANGUAGE_STANDARD = "gnu++14";
				CLANG_CXX_LIBRARY = "libc++";
				CLANG_ENABLE_MODULES = YES;
				CLANG_ENABLE_OBJC_ARC = YES;
				CLANG_WARN_BLOCK_CAPTURE_AUTORELEASING = YES;
				CLANG_WARN_BOOL_CONVERSION = YES;
				CLANG_WARN_COMMA = YES;
				CLANG_WARN_CONSTANT_CONVERSION = YES;
				CLANG_WARN_DIRECT_OBJC_ISA_USAGE = YES_ERROR;
				CLANG_WARN_DOCUMENTATION_COMMENTS = YES;
				CLANG_WARN_EMPTY_BODY = YES;
				CLANG_WARN_ENUM_CONVERSION = YES;
				CLANG_WARN_INFINITE_RECURSION = YES;
				CLANG_WARN_INT_CONVERSION = YES;
				CLANG_WARN_NON_LITERAL_NULL_CONVERSION = YES;
				CLANG_WARN_OBJC_LITERAL_CONVERSION = YES;
				CLANG_WARN_OBJC_ROOT_CLASS = YES_ERROR;
				CLANG_WARN_RANGE_LOOP_ANALYSIS = YES;
				CLANG_WARN_STRICT_PROTOTYPES = YES;
				CLANG_WARN_SUSPICIOUS_MOVE = YES;
				CLANG_WARN_UNGUARDED_AVAILABILITY = YES_AGGRESSIVE;
				CLANG_WARN_UNREACHABLE_CODE = YES;
				CLANG_WARN__DUPLICATE_METHOD_MATCH = YES;
				CODE_SIGN_IDENTITY = "iPhone Developer";
				COPY_PHASE_STRIP = NO;
				DEBUG_INFORMATION_FORMAT = "dwarf-with-dsym";
				ENABLE_NS_ASSERTIONS = NO;
				ENABLE_STRICT_OBJC_MSGSEND = YES;
				GCC_C_LANGUAGE_STANDARD = gnu11;
				GCC_NO_COMMON_BLOCKS = YES;
				GCC_WARN_64_TO_32_BIT_CONVERSION = YES;
				GCC_WARN_ABOUT_RETURN_TYPE = YES_ERROR;
				GCC_WARN_UNDECLARED_SELECTOR = YES;
				GCC_WARN_UNINITIALIZED_AUTOS = YES_AGGRESSIVE;
				GCC_WARN_UNUSED_FUNCTION = YES;
				GCC_WARN_UNUSED_VARIABLE = YES;
				IPHONEOS_DEPLOYMENT_TARGET = 11.2;
				MTL_ENABLE_DEBUG_INFO = NO;
				SDKROOT = iphoneos;
				SWIFT_OPTIMIZATION_LEVEL = "-Owholemodule";
				VALIDATE_PRODUCT = YES;
			};
			name = Release;
		};
		84BC365E200FA69D00C669A6 /* Debug */ = {
			isa = XCBuildConfiguration;
			buildSettings = {
				ASSETCATALOG_COMPILER_APPICON_NAME = AppIcon;
				CODE_SIGN_STYLE = Automatic;
				DEVELOPMENT_TEAM = 9X329BRT6C;
				INFOPLIST_FILE = "coder-swag-2/Info.plist";
				LD_RUNPATH_SEARCH_PATHS = "$(inherited) @executable_path/Frameworks";
				PRODUCT_BUNDLE_IDENTIFIER = "fannyfarm.coder-swag-2";
				PRODUCT_NAME = "$(TARGET_NAME)";
				SWIFT_VERSION = 4.0;
				TARGETED_DEVICE_FAMILY = "1,2";
			};
			name = Debug;
		};
		84BC365F200FA69D00C669A6 /* Release */ = {
			isa = XCBuildConfiguration;
			buildSettings = {
				ASSETCATALOG_COMPILER_APPICON_NAME = AppIcon;
				CODE_SIGN_STYLE = Automatic;
				DEVELOPMENT_TEAM = 9X329BRT6C;
				INFOPLIST_FILE = "coder-swag-2/Info.plist";
				LD_RUNPATH_SEARCH_PATHS = "$(inherited) @executable_path/Frameworks";
				PRODUCT_BUNDLE_IDENTIFIER = "fannyfarm.coder-swag-2";
				PRODUCT_NAME = "$(TARGET_NAME)";
				SWIFT_VERSION = 4.0;
				TARGETED_DEVICE_FAMILY = "1,2";
			};
			name = Release;
		};
/* End XCBuildConfiguration section */

/* Begin XCConfigurationList section */
		84BC3646200FA69D00C669A6 /* Build configuration list for PBXProject "coder-swag-2" */ = {
			isa = XCConfigurationList;
			buildConfigurations = (
				84BC365B200FA69D00C669A6 /* Debug */,
				84BC365C200FA69D00C669A6 /* Release */,
			);
			defaultConfigurationIsVisible = 0;
			defaultConfigurationName = Release;
		};
		84BC365D200FA69D00C669A6 /* Build configuration list for PBXNativeTarget "coder-swag-2" */ = {
			isa = XCConfigurationList;
			buildConfigurations = (
				84BC365E200FA69D00C669A6 /* Debug */,
				84BC365F200FA69D00C669A6 /* Release */,
			);
			defaultConfigurationIsVisible = 0;
			defaultConfigurationName = Release;
		};
/* End XCConfigurationList section */
	};
	rootObject = 84BC3643200FA69D00C669A6 /* Project object */;
}
